{
    "_meta": {
        "hash": {
            "sha256": "81f85d9b3fef9fd194afc99d98ce626861e226b5062cd7d4c151300a5d5cdec3"
        },
        "pipfile-spec": 6,
        "requires": {
            "python_version": "3.7"
        },
        "sources": [
            {
                "name": "pypi",
                "url": "https://pypi.douban.com/simple/",
                "verify_ssl": true
            }
        ]
    },
    "default": {
        "certifi": {
            "hashes": [
                "sha256:35824b4c3a97115964b408844d64aa14db1cc518f6562e8d7261699d1350a9e3",
                "sha256:4ad3232f5e926d6718ec31cfc1fcadfde020920e278684144551c91769c7bc18"
            ],
            "index": "pypi",
            "version": "==2022.12.7"
        },
        "chardet": {
            "hashes": [
                "sha256:84ab92ed1c4d4f16916e05906b6b75a6c0fb5db821cc65e70cbd64a3e2a5eaae",
                "sha256:fc323ffcaeaed0e0a02bf4d117757b98aed530d9ed4531e3e15460124c106691"
            ],
            "version": "==3.0.4"
        },
        "idna": {
            "hashes": [
                "sha256:c357b3f628cf53ae2c4c05627ecc484553142ca23264e593d327bcde5e9c3407",
                "sha256:ea8b7f6188e6fa117537c3df7da9fc686d485087abf6ac197f9c46432f7e4a3c"
            ],
            "version": "==2.8"
        },
        "numpy": {
            "hashes": [
                "sha256:1dbe1c91269f880e364526649a52eff93ac30035507ae980d2fed33aaee633ac",
                "sha256:357768c2e4451ac241465157a3e929b265dfac85d9214074985b1786244f2ef3",
                "sha256:3820724272f9913b597ccd13a467cc492a0da6b05df26ea09e78b171a0bb9da6",
                "sha256:4391bd07606be175aafd267ef9bea87cf1b8210c787666ce82073b05f202add1",
                "sha256:4aa48afdce4660b0076a00d80afa54e8a97cd49f457d68a4342d188a09451c1a",
                "sha256:58459d3bad03343ac4b1b42ed14d571b8743dc80ccbf27444f266729df1d6f5b",
                "sha256:5c3c8def4230e1b959671eb959083661b4a0d2e9af93ee339c7dada6759a9470",
                "sha256:5f30427731561ce75d7048ac254dbe47a2ba576229250fb60f0fb74db96501a1",
                "sha256:643843bcc1c50526b3a71cd2ee561cf0d8773f062c8cbaf9ffac9fdf573f83ab",
                "sha256:67c261d6c0a9981820c3a149d255a76918278a6b03b6a036800359aba1256d46",
                "sha256:67f21981ba2f9d7ba9ade60c9e8cbaa8cf8e9ae51673934480e45cf55e953673",
                "sha256:6aaf96c7f8cebc220cdfc03f1d5a31952f027dda050e5a703a0d1c396075e3e7",
                "sha256:7c4068a8c44014b2d55f3c3f574c376b2494ca9cc73d2f1bd692382b6dffe3db",
                "sha256:7c7e5fa88d9ff656e067876e4736379cc962d185d5cd808014a8a928d529ef4e",
                "sha256:7f5ae4f304257569ef3b948810816bc87c9146e8c446053539947eedeaa32786",
                "sha256:82691fda7c3f77c90e62da69ae60b5ac08e87e775b09813559f8901a88266552",
                "sha256:8737609c3bbdd48e380d463134a35ffad3b22dc56295eff6f79fd85bd0eeeb25",
                "sha256:9f411b2c3f3d76bba0865b35a425157c5dcf54937f82bbeb3d3c180789dd66a6",
                "sha256:a6be4cb0ef3b8c9250c19cc122267263093eee7edd4e3fa75395dfda8c17a8e2",
                "sha256:bcb238c9c96c00d3085b264e5c1a1207672577b93fa666c3b14a45240b14123a",
                "sha256:bf2ec4b75d0e9356edea834d1de42b31fe11f726a81dfb2c2112bc1eaa508fcf",
                "sha256:d136337ae3cc69aa5e447e78d8e1514be8c3ec9b54264e680cf0b4bd9011574f",
                "sha256:d4bf4d43077db55589ffc9009c0ba0a94fa4908b9586d6ccce2e0b164c86303c",
                "sha256:d6a96eef20f639e6a97d23e57dd0c1b1069a7b4fd7027482a4c5c451cd7732f4",
                "sha256:d9caa9d5e682102453d96a0ee10c7241b72859b01a941a397fd965f23b3e016b",
                "sha256:dd1c8f6bd65d07d3810b90d02eba7997e32abbdf1277a481d698969e921a3be0",
                "sha256:e31f0bb5928b793169b87e3d1e070f2342b22d5245c755e2b81caa29756246c3",
                "sha256:ecb55251139706669fdec2ff073c98ef8e9a84473e51e716211b41aa0f18e656",
                "sha256:ee5ec40fdd06d62fe5d4084bef4fd50fd4bb6bfd2bf519365f569dc470163ab0",
                "sha256:f17e562de9edf691a42ddb1eb4a5541c20dd3f9e65b09ded2beb0799c0cf29bb",
                "sha256:fdffbfb6832cd0b300995a2b08b8f6fa9f6e856d562800fea9182316d99c4e8e"
            ],
            "markers": "python_version < '3.11' and python_version >= '3.7'",
            "version": "==1.21.6"
        },
        "pandas": {
            "hashes": [
                "sha256:02c830f951f3dc8c3164e2639a8961881390f7492f71a7835c2330f54539ad57",
                "sha256:179015834c72a577486337394493cc2969feee9a04a2ea09f50c724e4b52ab42",
                "sha256:3894960d43c64cfea5142ac783b101362f5008ee92e962392156a3f8d1558995",
                "sha256:435821cb2501eabbcee7e83614bd710940dc0cf28b5afbc4bdb816c31cec71af",
                "sha256:8294dea9aa1811f93558702856e3b68dd1dfd7e9dbc8e0865918a07ee0f21c2c",
                "sha256:844e745ab27a9a01c86925fe776f9d2e09575e65f0bf8eba5090edddd655dffc",
                "sha256:a08d49f5fa2a2243262fe5581cb89f6c0c7cc525b8d6411719ab9400a9dc4a82",
                "sha256:a435c251246075337eb9fdc4160fd15c8a87cc0679d8d61fb5255d8d5a12f044",
                "sha256:a799f03c0ec6d8687f425d7d6c075e8055a9a808f1ba87604d91f20507631d8d",
                "sha256:aea72ce5b3a016b578cc05c04a2f68d9cafacf5d784b6fe832e66381cb62c719",
                "sha256:c145e94c6da2af7eaf1fd827293ac1090a61a9b80150bebe99f8966a02378db9",
                "sha256:c8a7b470c88c779301b73b23cabdbbd94b83b93040b2ccffa409e06df23831c0",
                "sha256:c9e31b36abbd7b94c547d9047f13e1546e3ba967044cf4f9718575fcb7b81bb6",
                "sha256:d960b7a03c33c328c723cfc2f8902a6291645f4efa0a5c1d4c5fa008cdc1ea77",
                "sha256:da21fae4c173781b012217c9444f13c67449957a4d45184a9718268732c09564",
                "sha256:db26c0fea0bd7d33c356da98bafd2c0dfb8f338e45e2824ff8f4f3e61b5c5f25",
                "sha256:dc296c3f16ec620cfb4daf0f672e3c90f3920ece8261b2760cd0ebd9cd4daa55",
                "sha256:e8da67cb2e9333ec30d53cfb96e27a4865d1648688e5471699070d35d8ab38cf",
                "sha256:fb4f047a63f91f22aade4438aaf790400b96644e802daab4293e9b799802f93f",
                "sha256:fef9939176cba0c2526ebeefffb8b9807543dc0954877b7226f751ec1294a869"
            ],
            "index": "pypi",
            "version": "==0.24.1"
        },
        "python-dateutil": {
            "hashes": [
                "sha256:0123cacc1627ae19ddf3c27a5de5bd67ee4586fbdd6440d9748f8abb483d3e86",
                "sha256:961d03dc3453ebbc59dbdea9e4e11c5651520a876d0f4db161e8674aae935da9"
            ],
            "markers": "python_version >= '2.7' and python_version not in '3.0, 3.1, 3.2, 3.3'",
            "version": "==2.8.2"
        },
        "pytz": {
            "hashes": [
                "sha256:1d8ce29db189191fb55338ee6d0387d82ab59f3d00eac103412d64e0ebd0c588",
                "sha256:a151b3abb88eda1d4e34a9814df37de2a80e301e68ba0fd856fb9b46bfbbbffb"
            ],
            "version": "==2023.3"
        },
        "requests": {
            "hashes": [
                "sha256:502a824f31acdacb3a35b6690b5fbf0bc41d63a24a45c4004352b0242707598e",
                "sha256:7bf2a778576d825600030a110f3c0e3e8edc51dfaafe1c146e39a2027784957b"
            ],
            "index": "pypi",
            "version": "==2.21.0"
        },
        "six": {
            "hashes": [
                "sha256:1e61c37477a1626458e36f7b1d82aa5c9b094fa4802892072e49de9c60c4c926",
                "sha256:8abb2f1d86890a2dfb989f9a77cfcfd3e47c2a354b01111771326f8aa26e0254"
            ],
            "markers": "python_version >= '2.7' and python_version not in '3.0, 3.1, 3.2, 3.3'",
            "version": "==1.16.0"
        },
        "urllib3": {
            "hashes": [
                "sha256:2393a695cd12afedd0dcb26fe5d50d0cf248e5a66f75dbd89a3d4eb333a61af4",
                "sha256:a637e5fae88995b256e3409dc4d52c2e2e0ba32c42a6365fee8bbd2238de3cfb"
            ],
            "markers": "python_version >= '2.7' and python_version not in '3.0, 3.1, 3.2, 3.3' and python_version < '4'",
            "version": "==1.24.3"
        }
    },
    "develop": {}
}
